{
  "nodes": {
    "ansiutils": {
      "inputs": {
        "flakeNimbleLib": [
          "nimwave-master",
          "flakeNimbleLib"
        ],
        "nixpkgs": [
          "nimwave-master",
          "nixpkgs"
        ],
        "src-ansiutils-master": "src-ansiutils-master"
      },
      "locked": {
        "dir": "master",
        "lastModified": 1651917710,
        "narHash": "sha256-O92r836R42szLP0YcboJh40H5TyLsj56RGnGSmeQFtw=",
        "owner": "nim-nix-pkgs",
        "repo": "ansiutils",
        "rev": "15db6f07d1adb242b5853e27fb5f1eb39e5ca0f6",
        "type": "github"
      },
      "original": {
        "dir": "master",
        "owner": "nim-nix-pkgs",
        "ref": "master",
        "repo": "ansiutils",
        "type": "github"
      }
    },
    "flakeNimbleLib": {
      "inputs": {
        "nixpkgs": [
          "nixpkgs"
        ]
      },
      "locked": {
        "lastModified": 1648105061,
        "narHash": "sha256-Je25qNlH4xrH3+m6vIq6yPvdfQ80FRTwX4JOhrRLduc=",
        "owner": "riinr",
        "repo": "nim-flakes-lib",
        "rev": "f1ec5e2f15b9f717c33b6942ce7cb344ff868522",
        "type": "github"
      },
      "original": {
        "owner": "riinr",
        "ref": "master",
        "repo": "nim-flakes-lib",
        "type": "github"
      }
    },
    "illwave": {
      "inputs": {
        "flakeNimbleLib": [
          "nimwave-master",
          "flakeNimbleLib"
        ],
        "nixpkgs": [
          "nimwave-master",
          "nixpkgs"
        ],
        "src-illwave-master": "src-illwave-master"
      },
      "locked": {
        "dir": "master",
        "lastModified": 1651918026,
        "narHash": "sha256-C+hQS+0F83qA+29mavbrW2BhpsR5sfsjAVVnch11E9A=",
        "owner": "nim-nix-pkgs",
        "repo": "illwave",
        "rev": "b422857f238eccc52c14f503862dcf5e4b699072",
        "type": "github"
      },
      "original": {
        "dir": "master",
        "owner": "nim-nix-pkgs",
        "ref": "master",
        "repo": "illwave",
        "type": "github"
      }
    },
    "nimwave-master": {
      "inputs": {
        "ansiutils": "ansiutils",
        "flakeNimbleLib": [
          "flakeNimbleLib"
        ],
        "illwave": "illwave",
        "nixpkgs": [
          "nixpkgs"
        ],
        "src-nimwave-master": "src-nimwave-master"
      },
      "locked": {
        "dir": "master",
        "lastModified": 1651919346,
        "narHash": "sha256-urxxjhWdW7l1uILwJugDh5zLAxJoGMEYMwTqfad6E4g=",
        "owner": "nim-nix-pkgs",
        "repo": "nimwave",
        "rev": "ac2e645ef35c99ffeddd8e867389b9f7f68d598e",
        "type": "github"
      },
      "original": {
        "dir": "master",
        "owner": "nim-nix-pkgs",
        "ref": "master",
        "repo": "nimwave",
        "type": "github"
      }
    },
    "nixpkgs": {
      "locked": {
        "narHash": "sha256-7sWpWRO0IsBP5jm9qCrpuzDkWC7UAghiCmZZ+1uqHKo=",
        "path": "/nix/store/q2jrkx5a3z6yxzbfai0kxpnqki80jm3l-source",
        "type": "path"
      },
      "original": {
        "id": "nixpkgs",
        "type": "indirect"
      }
    },
    "root": {
      "inputs": {
        "flakeNimbleLib": "flakeNimbleLib",
        "nimwave-master": "nimwave-master",
        "nixpkgs": "nixpkgs"
      }
    },
    "src-ansiutils-master": {
      "flake": false,
      "locked": {
        "lastModified": 1651844094,
        "narHash": "sha256-kRmAOV0bgWCUE0Bam8ZOJWyx4ALk6oh18jgokGwtOjk=",
        "owner": "ansiwave",
        "repo": "ansiutils",
        "rev": "fc681228ecb51d82cfb65bb2c7fe47d90823321b",
        "type": "github"
      },
      "original": {
        "owner": "ansiwave",
        "ref": "refs/heads/master",
        "repo": "ansiutils",
        "type": "github"
      }
    },
    "src-illwave-master": {
      "flake": false,
      "locked": {
        "lastModified": 1651843863,
        "narHash": "sha256-onouZWMudA9iJ8sNWD8s35pMhH+bzRCABhowwqax5cY=",
        "owner": "ansiwave",
        "repo": "illwave",
        "rev": "2d58e9a118b2f9066626c3a3f1e43f7e841f848d",
        "type": "github"
      },
      "original": {
        "owner": "ansiwave",
        "ref": "refs/heads/master",
        "repo": "illwave",
        "type": "github"
      }
    },
    "src-nimwave-master": {
      "flake": false,
      "locked": {
        "lastModified": 1651917250,
        "narHash": "sha256-36/X3kC4gGfWVGWGK/KnTm+fuJ+kZllH+lSixk7tgI8=",
        "owner": "ansiwave",
        "repo": "nimwave",
        "rev": "a5ec6c383dce62cb5721b0230ee91480a32bf5e8",
        "type": "github"
      },
      "original": {
        "owner": "ansiwave",
        "ref": "refs/heads/master",
        "repo": "nimwave",
        "type": "github"
      }
    }
  },
  "root": "root",
  "version": 7
}
