{
  "nodes": {
    "ansiutils": {
      "inputs": {
        "flakeNimbleLib": [
          "nimwave-master",
          "flakeNimbleLib"
        ],
        "nixpkgs": [
          "nimwave-master",
          "nixpkgs"
        ],
        "src-ansiutils-master": "src-ansiutils-master"
      },
      "locked": {
        "dir": "master",
        "lastModified": 1651890160,
        "narHash": "sha256-HcY8XHlB1vGEVoIDl5C4KBKQ3A1YgqLAzAUMIBnH7HI=",
        "owner": "nim-nix-pkgs",
        "repo": "ansiutils",
        "rev": "9c46ba5c7efffcf715c0e562c57c1b480d77d1f1",
        "type": "github"
      },
      "original": {
        "dir": "master",
        "owner": "nim-nix-pkgs",
        "ref": "master",
        "repo": "ansiutils",
        "type": "github"
      }
    },
    "flakeNimbleLib": {
      "inputs": {
        "nixpkgs": [
          "nixpkgs"
        ]
      },
      "locked": {
        "lastModified": 1648105061,
        "narHash": "sha256-Je25qNlH4xrH3+m6vIq6yPvdfQ80FRTwX4JOhrRLduc=",
        "owner": "riinr",
        "repo": "nim-flakes-lib",
        "rev": "f1ec5e2f15b9f717c33b6942ce7cb344ff868522",
        "type": "github"
      },
      "original": {
        "owner": "riinr",
        "ref": "master",
        "repo": "nim-flakes-lib",
        "type": "github"
      }
    },
    "illwave": {
      "inputs": {
        "flakeNimbleLib": [
          "nimwave-master",
          "flakeNimbleLib"
        ],
        "nixpkgs": [
          "nimwave-master",
          "nixpkgs"
        ],
        "src-illwave-master": "src-illwave-master"
      },
      "locked": {
        "dir": "master",
        "lastModified": 1651890227,
        "narHash": "sha256-mtPjtamZckjfW3hB5dHvgwB81u7O6cuKNOLCvIqVBnA=",
        "owner": "nim-nix-pkgs",
        "repo": "illwave",
        "rev": "a376712a86c531127cde4b741295123f74821279",
        "type": "github"
      },
      "original": {
        "dir": "master",
        "owner": "nim-nix-pkgs",
        "ref": "master",
        "repo": "illwave",
        "type": "github"
      }
    },
    "nimwave-master": {
      "inputs": {
        "ansiutils": "ansiutils",
        "flakeNimbleLib": [
          "flakeNimbleLib"
        ],
        "illwave": "illwave",
        "nixpkgs": [
          "nixpkgs"
        ],
        "src-nimwave-master": "src-nimwave-master"
      },
      "locked": {
        "dir": "master",
        "lastModified": 1651890667,
        "narHash": "sha256-9RR0rkiDK5+ePtiQz1HCfu405JKN9M1hsb3wC6XDnxA=",
        "owner": "nim-nix-pkgs",
        "repo": "nimwave",
        "rev": "7b3eeaa983aa6284de2f01c19e27ea231d618560",
        "type": "github"
      },
      "original": {
        "dir": "master",
        "owner": "nim-nix-pkgs",
        "ref": "master",
        "repo": "nimwave",
        "type": "github"
      }
    },
    "nixpkgs": {
      "locked": {
        "narHash": "sha256-7sWpWRO0IsBP5jm9qCrpuzDkWC7UAghiCmZZ+1uqHKo=",
        "path": "/nix/store/q2jrkx5a3z6yxzbfai0kxpnqki80jm3l-source",
        "type": "path"
      },
      "original": {
        "id": "nixpkgs",
        "type": "indirect"
      }
    },
    "root": {
      "inputs": {
        "flakeNimbleLib": "flakeNimbleLib",
        "nimwave-master": "nimwave-master",
        "nixpkgs": "nixpkgs"
      }
    },
    "src-ansiutils-master": {
      "flake": false,
      "locked": {
        "lastModified": 1651844094,
        "narHash": "sha256-kRmAOV0bgWCUE0Bam8ZOJWyx4ALk6oh18jgokGwtOjk=",
        "owner": "ansiwave",
        "repo": "ansiutils",
        "rev": "fc681228ecb51d82cfb65bb2c7fe47d90823321b",
        "type": "github"
      },
      "original": {
        "owner": "ansiwave",
        "ref": "refs/heads/master",
        "repo": "ansiutils",
        "type": "github"
      }
    },
    "src-illwave-master": {
      "flake": false,
      "locked": {
        "lastModified": 1651843863,
        "narHash": "sha256-onouZWMudA9iJ8sNWD8s35pMhH+bzRCABhowwqax5cY=",
        "owner": "ansiwave",
        "repo": "illwave",
        "rev": "2d58e9a118b2f9066626c3a3f1e43f7e841f848d",
        "type": "github"
      },
      "original": {
        "owner": "ansiwave",
        "ref": "refs/heads/master",
        "repo": "illwave",
        "type": "github"
      }
    },
    "src-nimwave-master": {
      "flake": false,
      "locked": {
        "lastModified": 1651852012,
        "narHash": "sha256-Oix6qWl0oUtYtH3Db8itP5deX0NvdPxNvDQUO/eoCT4=",
        "owner": "ansiwave",
        "repo": "nimwave",
        "rev": "c2f77859d414acba218d3c8ea6ec249a25465a5a",
        "type": "github"
      },
      "original": {
        "owner": "ansiwave",
        "ref": "refs/heads/master",
        "repo": "nimwave",
        "type": "github"
      }
    }
  },
  "root": "root",
  "version": 7
}
